# THIS IS AN AUTOGENERATED FILE. DO NOT EDIT THIS FILE DIRECTLY.
# yarn lockfile v1


json-to-table@^4.2.1:
  version "4.2.1"
  resolved "https://registry.yarnpkg.com/json-to-table/-/json-to-table-4.2.1.tgz#e33f6cb2dadcd986bd6ba2ffc0da6664645762c5"
  integrity sha512-4PSWfPZyFssRj5BwjusoMSPSKoqfoULLZdrAgHvDkpXSZVID4gSe32NdemeePANf7oLa+x8znIWVIc8ba4gM/g==
  dependencies:
    lodash "~4.17.20"
    traverse "~0.6.6"

lodash@~4.17.20:
  version "4.17.21"
  resolved "https://registry.yarnpkg.com/lodash/-/lodash-4.17.21.tgz#679591c564c3bffaae8454cf0b3df370c3d6911c"
  integrity sha512-v2kDEe57lecTulaDIuNTPy3Ry4gLGJ6Z1O3vE1krgXZNrsQ+LFTGHVxVjcXPs17LhbZVGedAJv8XZ1tvj5FvSg==

markdown-table@^1.0.0:
  version "1.1.3"
  resolved "https://registry.yarnpkg.com/markdown-table/-/markdown-table-1.1.3.tgz#9fcb69bcfdb8717bfd0398c6ec2d93036ef8de60"
  integrity sha512-1RUZVgQlpJSPWYbFSpmudq5nHY1doEIv89gBtF0s4gW1GF2XorxcA/70M5vq7rLv0a6mhOUccRsqkwhwLCIQ2Q==

traverse@~0.6.6:
  version "0.6.6"
  resolved "https://registry.yarnpkg.com/traverse/-/traverse-0.6.6.tgz#cbdf560fd7b9af632502fed40f918c157ea97137"
  integrity sha1-y99WD9e5r2MlAv7UD5GMFX6pcTc=
